
Microsoft Visual Studio Solution File, Format Version 12.00
# Visual Studio Version 16
VisualStudioVersion = 16.0.30621.155
MinimumVisualStudioVersion = 10.0.40219.1
Project("{9A19103F-16F7-4668-BE54-9A1E7A4F7556}") = "API", "API\API.csproj", "{29B1EC6E-F3B0-4093-8D84-2D8A65640F88}"
EndProject
Project("{FAE04EC0-301F-11D3-BF4B-00C04F79EFBC}") = "UnitTest", "UnitTest\UnitTest.csproj", "{73F32FE8-E63A-4EEE-950F-670E3EA2EB20}"
EndProject
Project("{FAE04EC0-301F-11D3-BF4B-00C04F79EFBC}") = "IntegrationTest", "IntegrationTest\IntegrationTest.csproj", "{DF8E4D53-619E-4569-A11E-5EB003BF24C5}"
EndProject
Global
	GlobalSection(SolutionConfigurationPlatforms) = preSolution
		Debug|Any CPU = Debug|Any CPU
		Release|Any CPU = Release|Any CPU
	EndGlobalSection
	GlobalSection(ProjectConfigurationPlatforms) = postSolution
		{29B1EC6E-F3B0-4093-8D84-2D8A65640F88}.Debug|Any CPU.ActiveCfg = Debug|Any CPU
		{29B1EC6E-F3B0-4093-8D84-2D8A65640F88}.Debug|Any CPU.Build.0 = Debug|Any CPU
		{29B1EC6E-F3B0-4093-8D84-2D8A65640F88}.Release|Any CPU.ActiveCfg = Release|Any CPU
		{29B1EC6E-F3B0-4093-8D84-2D8A65640F88}.Release|Any CPU.Build.0 = Release|Any CPU
		{73F32FE8-E63A-4EEE-950F-670E3EA2EB20}.Debug|Any CPU.ActiveCfg = Debug|Any CPU
		{73F32FE8-E63A-4EEE-950F-670E3EA2EB20}.Debug|Any CPU.Build.0 = Debug|Any CPU
		{73F32FE8-E63A-4EEE-950F-670E3EA2EB20}.Release|Any CPU.ActiveCfg = Release|Any CPU
		{73F32FE8-E63A-4EEE-950F-670E3EA2EB20}.Release|Any CPU.Build.0 = Release|Any CPU
		{DF8E4D53-619E-4569-A11E-5EB003BF24C5}.Debug|Any CPU.ActiveCfg = Debug|Any CPU
		{DF8E4D53-619E-4569-A11E-5EB003BF24C5}.Debug|Any CPU.Build.0 = Debug|Any CPU
		{DF8E4D53-619E-4569-A11E-5EB003BF24C5}.Release|Any CPU.ActiveCfg = Release|Any CPU
		{DF8E4D53-619E-4569-A11E-5EB003BF24C5}.Release|Any CPU.Build.0 = Release|Any CPU
	EndGlobalSection
	GlobalSection(SolutionProperties) = preSolution
		HideSolutionNode = FALSE
	EndGlobalSection
	GlobalSection(ExtensibilityGlobals) = postSolution
		SolutionGuid = {307A2297-DC2D-440D-BF8F-39D94263CB66}
	EndGlobalSection
EndGlobal
